// !$*UTF8*$!
{
	archiveVersion = 1;
	classes = {
	};
	objectVersion = 46;
	objects = {

/* Begin PBXBuildFile section */
		A0D0531A16C37A4000FB3741 /* UIKit.framework in Frameworks */ = {isa = PBXBuildFile; fileRef = A0D0531916C37A4000FB3741 /* UIKit.framework */; };
		A0D0531C16C37A4000FB3741 /* Foundation.framework in Frameworks */ = {isa = PBXBuildFile; fileRef = A0D0531B16C37A4000FB3741 /* Foundation.framework */; };
		A0D0531E16C37A4000FB3741 /* CoreGraphics.framework in Frameworks */ = {isa = PBXBuildFile; fileRef = A0D0531D16C37A4000FB3741 /* CoreGraphics.framework */; };
		A0D0532416C37A4000FB3741 /* InfoPlist.strings in Resources */ = {isa = PBXBuildFile; fileRef = A0D0532216C37A4000FB3741 /* InfoPlist.strings */; };
		A0D0532616C37A4000FB3741 /* main.m in Sources */ = {isa = PBXBuildFile; fileRef = A0D0532516C37A4000FB3741 /* main.m */; };
		A0D0532A16C37A4000FB3741 /* CAAppDelegate.m in Sources */ = {isa = PBXBuildFile; fileRef = A0D0532916C37A4000FB3741 /* CAAppDelegate.m */; };
		A0D0532C16C37A4100FB3741 /* Default.png in Resources */ = {isa = PBXBuildFile; fileRef = A0D0532B16C37A4100FB3741 /* Default.png */; };
		A0D0532E16C37A4100FB3741 /* Default@2x.png in Resources */ = {isa = PBXBuildFile; fileRef = A0D0532D16C37A4100FB3741 /* Default@2x.png */; };
		A0D0533016C37A4100FB3741 /* Default-568h@2x.png in Resources */ = {isa = PBXBuildFile; fileRef = A0D0532F16C37A4100FB3741 /* Default-568h@2x.png */; };
		A0D0533316C37A4100FB3741 /* MainStoryboard_iPhone.storyboard in Resources */ = {isa = PBXBuildFile; fileRef = A0D0533116C37A4100FB3741 /* MainStoryboard_iPhone.storyboard */; };
		A0D0533616C37A4100FB3741 /* MainStoryboard_iPad.storyboard in Resources */ = {isa = PBXBuildFile; fileRef = A0D0533416C37A4100FB3741 /* MainStoryboard_iPad.storyboard */; };
		A0D0533916C37A4100FB3741 /* CAViewController.m in Sources */ = {isa = PBXBuildFile; fileRef = A0D0533816C37A4100FB3741 /* CAViewController.m */; };
/* End PBXBuildFile section */

/* Begin PBXFileReference section */
		A0D0531516C37A4000FB3741 /* WebView_iOS6.0_Demo.app */ = {isa = PBXFileReference; explicitFileType = wrapper.application; includeInIndex = 0; path = WebView_iOS6.0_Demo.app; sourceTree = BUILT_PRODUCTS_DIR; };
		A0D0531916C37A4000FB3741 /* UIKit.framework */ = {isa = PBXFileReference; lastKnownFileType = wrapper.framework; name = UIKit.framework; path = System/Library/Frameworks/UIKit.framework; sourceTree = SDKROOT; };
		A0D0531B16C37A4000FB3741 /* Foundation.framework */ = {isa = PBXFileReference; lastKnownFileType = wrapper.framework; name = Foundation.framework; path = System/Library/Frameworks/Foundation.framework; sourceTree = SDKROOT; };
		A0D0531D16C37A4000FB3741 /* CoreGraphics.framework */ = {isa = PBXFileReference; lastKnownFileType = wrapper.framework; name = CoreGraphics.framework; path = System/Library/Frameworks/CoreGraphics.framework; sourceTree = SDKROOT; };
		A0D0532116C37A4000FB3741 /* WebView_iOS6.0_Demo-Info.plist */ = {isa = PBXFileReference; lastKnownFileType = text.plist.xml; path = "WebView_iOS6.0_Demo-Info.plist"; sourceTree = "<group>"; };
		A0D0532316C37A4000FB3741 /* en */ = {isa = PBXFileReference; lastKnownFileType = text.plist.strings; name = en; path = en.lproj/InfoPlist.strings; sourceTree = "<group>"; };
		A0D0532516C37A4000FB3741 /* main.m */ = {isa = PBXFileReference; lastKnownFileType = sourcecode.c.objc; path = main.m; sourceTree = "<group>"; };
		A0D0532716C37A4000FB3741 /* WebView_iOS6.0_Demo-Prefix.pch */ = {isa = PBXFileReference; lastKnownFileType = sourcecode.c.h; path = "WebView_iOS6.0_Demo-Prefix.pch"; sourceTree = "<group>"; };
		A0D0532816C37A4000FB3741 /* CAAppDelegate.h */ = {isa = PBXFileReference; lastKnownFileType = sourcecode.c.h; path = CAAppDelegate.h; sourceTree = "<group>"; };
		A0D0532916C37A4000FB3741 /* CAAppDelegate.m */ = {isa = PBXFileReference; lastKnownFileType = sourcecode.c.objc; path = CAAppDelegate.m; sourceTree = "<group>"; };
		A0D0532B16C37A4100FB3741 /* Default.png */ = {isa = PBXFileReference; lastKnownFileType = image.png; path = Default.png; sourceTree = "<group>"; };
		A0D0532D16C37A4100FB3741 /* Default@2x.png */ = {isa = PBXFileReference; lastKnownFileType = image.png; path = "Default@2x.png"; sourceTree = "<group>"; };
		A0D0532F16C37A4100FB3741 /* Default-568h@2x.png */ = {isa = PBXFileReference; lastKnownFileType = image.png; path = "Default-568h@2x.png"; sourceTree = "<group>"; };
		A0D0533216C37A4100FB3741 /* en */ = {isa = PBXFileReference; lastKnownFileType = file.storyboard; name = en; path = en.lproj/MainStoryboard_iPhone.storyboard; sourceTree = "<group>"; };
		A0D0533516C37A4100FB3741 /* en */ = {isa = PBXFileReference; lastKnownFileType = file.storyboard; name = en; path = en.lproj/MainStoryboard_iPad.storyboard; sourceTree = "<group>"; };
		A0D0533716C37A4100FB3741 /* CAViewController.h */ = {isa = PBXFileReference; lastKnownFileType = sourcecode.c.h; path = CAViewController.h; sourceTree = "<group>"; };
		A0D0533816C37A4100FB3741 /* CAViewController.m */ = {isa = PBXFileReference; lastKnownFileType = sourcecode.c.objc; path = CAViewController.m; sourceTree = "<group>"; };
/* End PBXFileReference section */

/* Begin PBXFrameworksBuildPhase section */
		A0D0531216C37A4000FB3741 /* Frameworks */ = {
			isa = PBXFrameworksBuildPhase;
			buildActionMask = 2147483647;
			files = (
				A0D0531A16C37A4000FB3741 /* UIKit.framework in Frameworks */,
				A0D0531C16C37A4000FB3741 /* Foundation.framework in Frameworks */,
				A0D0531E16C37A4000FB3741 /* CoreGraphics.framework in Frameworks */,
			);
			runOnlyForDeploymentPostprocessing = 0;
		};
/* End PBXFrameworksBuildPhase section */

/* Begin PBXGroup section */
		A0D0530A16C37A4000FB3741 = {
			isa = PBXGroup;
			children = (
				A0D0531F16C37A4000FB3741 /* WebView_iOS6.0_Demo */,
				A0D0531816C37A4000FB3741 /* Frameworks */,
				A0D0531616C37A4000FB3741 /* Products */,
			);
			sourceTree = "<group>";
		};
		A0D0531616C37A4000FB3741 /* Products */ = {
			isa = PBXGroup;
			children = (
				A0D0531516C37A4000FB3741 /* WebView_iOS6.0_Demo.app */,
			);
			name = Products;
			sourceTree = "<group>";
		};
		A0D0531816C37A4000FB3741 /* Frameworks */ = {
			isa = PBXGroup;
			children = (
				A0D0531916C37A4000FB3741 /* UIKit.framework */,
				A0D0531B16C37A4000FB3741 /* Foundation.framework */,
				A0D0531D16C37A4000FB3741 /* CoreGraphics.framework */,
			);
			name = Frameworks;
			sourceTree = "<group>";
		};
		A0D0531F16C37A4000FB3741 /* WebView_iOS6.0_Demo */ = {
			isa = PBXGroup;
			children = (
				A0D0532816C37A4000FB3741 /* CAAppDelegate.h */,
				A0D0532916C37A4000FB3741 /* CAAppDelegate.m */,
				A0D0533116C37A4100FB3741 /* MainStoryboard_iPhone.storyboard */,
				A0D0533416C37A4100FB3741 /* MainStoryboard_iPad.storyboard */,
				A0D0533716C37A4100FB3741 /* CAViewController.h */,
				A0D0533816C37A4100FB3741 /* CAViewController.m */,
				A0D0532016C37A4000FB3741 /* Supporting Files */,
			);
			path = WebView_iOS6.0_Demo;
			sourceTree = "<group>";
		};
		A0D0532016C37A4000FB3741 /* Supporting Files */ = {
			isa = PBXGroup;
			children = (
				A0D0532116C37A4000FB3741 /* WebView_iOS6.0_Demo-Info.plist */,
				A0D0532216C37A4000FB3741 /* InfoPlist.strings */,
				A0D0532516C37A4000FB3741 /* main.m */,
				A0D0532716C37A4000FB3741 /* WebView_iOS6.0_Demo-Prefix.pch */,
				A0D0532B16C37A4100FB3741 /* Default.png */,
				A0D0532D16C37A4100FB3741 /* Default@2x.png */,
				A0D0532F16C37A4100FB3741 /* Default-568h@2x.png */,
			);
			name = "Supporting Files";
			sourceTree = "<group>";
		};
/* End PBXGroup section */

/* Begin PBXNativeTarget section */
		A0D0531416C37A4000FB3741 /* WebView_iOS6.0_Demo */ = {
			isa = PBXNativeTarget;
			buildConfigurationList = A0D0533C16C37A4100FB3741 /* Build configuration list for PBXNativeTarget "WebView_iOS6.0_Demo" */;
			buildPhases = (
				A0D0531116C37A4000FB3741 /* Sources */,
				A0D0531216C37A4000FB3741 /* Frameworks */,
				A0D0531316C37A4000FB3741 /* Resources */,
			);
			buildRules = (
			);
			dependencies = (
			);
			name = WebView_iOS6.0_Demo;
			productName = WebView_iOS6.0_Demo;
			productReference = A0D0531516C37A4000FB3741 /* WebView_iOS6.0_Demo.app */;
			productType = "com.apple.product-type.application";
		};
/* End PBXNativeTarget section */

/* Begin PBXProject section */
		A0D0530C16C37A4000FB3741 /* Project object */ = {
			isa = PBXProject;
			attributes = {
				CLASSPREFIX = CA;
				LastUpgradeCheck = 0450;
				ORGANIZATIONNAME = Celestix;
			};
			buildConfigurationList = A0D0530F16C37A4000FB3741 /* Build configuration list for PBXProject "WebView_iOS6.0_Demo" */;
			compatibilityVersion = "Xcode 3.2";
			developmentRegion = English;
			hasScannedForEncodings = 0;
			knownRegions = (
				en,
			);
			mainGroup = A0D0530A16C37A4000FB3741;
			productRefGroup = A0D0531616C37A4000FB3741 /* Products */;
			projectDirPath = "";
			projectRoot = "";
			targets = (
				A0D0531416C37A4000FB3741 /* WebView_iOS6.0_Demo */,
			);
		};
/* End PBXProject section */

/* Begin PBXResourcesBuildPhase section */
		A0D0531316C37A4000FB3741 /* Resources */ = {
			isa = PBXResourcesBuildPhase;
			buildActionMask = 2147483647;
			files = (
				A0D0532416C37A4000FB3741 /* InfoPlist.strings in Resources */,
				A0D0532C16C37A4100FB3741 /* Default.png in Resources */,
				A0D0532E16C37A4100FB3741 /* Default@2x.png in Resources */,
				A0D0533016C37A4100FB3741 /* Default-568h@2x.png in Resources */,
				A0D0533316C37A4100FB3741 /* MainStoryboard_iPhone.storyboard in Resources */,
				A0D0533616C37A4100FB3741 /* MainStoryboard_iPad.storyboard in Resources */,
			);
			runOnlyForDeploymentPostprocessing = 0;
		};
/* End PBXResourcesBuildPhase section */

/* Begin PBXSourcesBuildPhase section */
		A0D0531116C37A4000FB3741 /* Sources */ = {
			isa = PBXSourcesBuildPhase;
			buildActionMask = 2147483647;
			files = (
				A0D0532616C37A4000FB3741 /* main.m in Sources */,
				A0D0532A16C37A4000FB3741 /* CAAppDelegate.m in Sources */,
				A0D0533916C37A4100FB3741 /* CAViewController.m in Sources */,
			);
			runOnlyForDeploymentPostprocessing = 0;
		};
/* End PBXSourcesBuildPhase section */

/* Begin PBXVariantGroup section */
		A0D0532216C37A4000FB3741 /* InfoPlist.strings */ = {
			isa = PBXVariantGroup;
			children = (
				A0D0532316C37A4000FB3741 /* en */,
			);
			name = InfoPlist.strings;
			sourceTree = "<group>";
		};
		A0D0533116C37A4100FB3741 /* MainStoryboard_iPhone.storyboard */ = {
			isa = PBXVariantGroup;
			children = (
				A0D0533216C37A4100FB3741 /* en */,
			);
			name = MainStoryboard_iPhone.storyboard;
			sourceTree = "<group>";
		};
		A0D0533416C37A4100FB3741 /* MainStoryboard_iPad.storyboard */ = {
			isa = PBXVariantGroup;
			children = (
				A0D0533516C37A4100FB3741 /* en */,
			);
			name = MainStoryboard_iPad.storyboard;
			sourceTree = "<group>";
		};
/* End PBXVariantGroup section */

/* Begin XCBuildConfiguration section */
		A0D0533A16C37A4100FB3741 /* Debug */ = {
			isa = XCBuildConfiguration;
			buildSettings = {
				ALWAYS_SEARCH_USER_PATHS = NO;
				CLANG_CXX_LANGUAGE_STANDARD = "gnu++0x";
				CLANG_CXX_LIBRARY = "libc++";
				CLANG_ENABLE_OBJC_ARC = YES;
				CLANG_WARN_EMPTY_BODY = YES;
				CLANG_WARN__DUPLICATE_METHOD_MATCH = YES;
				"CODE_SIGN_IDENTITY[sdk=iphoneos*]" = "iPhone Developer";
				COPY_PHASE_STRIP = NO;
				GCC_C_LANGUAGE_STANDARD = gnu99;
				GCC_DYNAMIC_NO_PIC = NO;
				GCC_OPTIMIZATION_LEVEL = 0;
				GCC_PREPROCESSOR_DEFINITIONS = (
					"DEBUG=1",
					"$(inherited)",
				);
				GCC_SYMBOLS_PRIVATE_EXTERN = NO;
				GCC_WARN_ABOUT_RETURN_TYPE = YES;
				GCC_WARN_UNINITIALIZED_AUTOS = YES;
				GCC_WARN_UNUSED_VARIABLE = YES;
				IPHONEOS_DEPLOYMENT_TARGET = 6.0;
				ONLY_ACTIVE_ARCH = YES;
				SDKROOT = iphoneos;
				TARGETED_DEVICE_FAMILY = "1,2";
			};
			name = Debug;
		};
		A0D0533B16C37A4100FB3741 /* Release */ = {
			isa = XCBuildConfiguration;
			buildSettings = {
				ALWAYS_SEARCH_USER_PATHS = NO;
				CLANG_CXX_LANGUAGE_STANDARD = "gnu++0x";
				CLANG_CXX_LIBRARY = "libc++";
				CLANG_ENABLE_OBJC_ARC = YES;
				CLANG_WARN_EMPTY_BODY = YES;
				CLANG_WARN__DUPLICATE_METHOD_MATCH = YES;
				"CODE_SIGN_IDENTITY[sdk=iphoneos*]" = "iPhone Developer";
				COPY_PHASE_STRIP = YES;
				GCC_C_LANGUAGE_STANDARD = gnu99;
				GCC_WARN_ABOUT_RETURN_TYPE = YES;
				GCC_WARN_UNINITIALIZED_AUTOS = YES;
				GCC_WARN_UNUSED_VARIABLE = YES;
				IPHONEOS_DEPLOYMENT_TARGET = 6.0;
				OTHER_CFLAGS = "-DNS_BLOCK_ASSERTIONS=1";
				SDKROOT = iphoneos;
				TARGETED_DEVICE_FAMILY = "1,2";
				VALIDATE_PRODUCT = YES;
			};
			name = Release;
		};
		A0D0533D16C37A4100FB3741 /* Debug */ = {
			isa = XCBuildConfiguration;
			buildSettings = {
				GCC_PRECOMPILE_PREFIX_HEADER = YES;
				GCC_PREFIX_HEADER = "WebView_iOS6.0_Demo/WebView_iOS6.0_Demo-Prefix.pch";
				INFOPLIST_FILE = "WebView_iOS6.0_Demo/WebView_iOS6.0_Demo-Info.plist";
				PRODUCT_NAME = "$(TARGET_NAME)";
				WRAPPER_EXTENSION = app;
			};
			name = Debug;
		};
		A0D0533E16C37A4100FB3741 /* Release */ = {
			isa = XCBuildConfiguration;
			buildSettings = {
				GCC_PRECOMPILE_PREFIX_HEADER = YES;
				GCC_PREFIX_HEADER = "WebView_iOS6.0_Demo/WebView_iOS6.0_Demo-Prefix.pch";
				INFOPLIST_FILE = "WebView_iOS6.0_Demo/WebView_iOS6.0_Demo-Info.plist";
				PRODUCT_NAME = "$(TARGET_NAME)";
				WRAPPER_EXTENSION = app;
			};
			name = Release;
		};
/* End XCBuildConfiguration section */

/* Begin XCConfigurationList section */
		A0D0530F16C37A4000FB3741 /* Build configuration list for PBXProject "WebView_iOS6.0_Demo" */ = {
			isa = XCConfigurationList;
			buildConfigurations = (
				A0D0533A16C37A4100FB3741 /* Debug */,
				A0D0533B16C37A4100FB3741 /* Release */,
			);
			defaultConfigurationIsVisible = 0;
			defaultConfigurationName = Release;
		};
		A0D0533C16C37A4100FB3741 /* Build configuration list for PBXNativeTarget "WebView_iOS6.0_Demo" */ = {
			isa = XCConfigurationList;
			buildConfigurations = (
				A0D0533D16C37A4100FB3741 /* Debug */,
				A0D0533E16C37A4100FB3741 /* Release */,
			);
			defaultConfigurationIsVisible = 0;
		};
/* End XCConfigurationList section */
	};
	rootObject = A0D0530C16C37A4000FB3741 /* Project object */;
}
